
Microsoft Visual Studio Solution File, Format Version 12.00
# Visual Studio Version 17
VisualStudioVersion = 17.7.34221.43
MinimumVisualStudioVersion = 10.0.40219.1
Project("{FAE04EC0-301F-11D3-BF4B-00C04F79EFBC}") = "OOPs-practice-project-1.14", "OOPs-practice-project-1.14\OOPs-practice-project-1.14.csproj", "{C48C5501-D4FB-42D9-BDA9-38ADDEE3F36D}"
EndProject
Global
	GlobalSection(SolutionConfigurationPlatforms) = preSolution
		Debug|Any CPU = Debug|Any CPU
		Release|Any CPU = Release|Any CPU
	EndGlobalSection
	GlobalSection(ProjectConfigurationPlatforms) = postSolution
		{C48C5501-D4FB-42D9-BDA9-38ADDEE3F36D}.Debug|Any CPU.ActiveCfg = Debug|Any CPU
		{C48C5501-D4FB-42D9-BDA9-38ADDEE3F36D}.Debug|Any CPU.Build.0 = Debug|Any CPU
		{C48C5501-D4FB-42D9-BDA9-38ADDEE3F36D}.Release|Any CPU.ActiveCfg = Release|Any CPU
		{C48C5501-D4FB-42D9-BDA9-38ADDEE3F36D}.Release|Any CPU.Build.0 = Release|Any CPU
	EndGlobalSection
	GlobalSection(SolutionProperties) = preSolution
		HideSolutionNode = FALSE
	EndGlobalSection
	GlobalSection(ExtensibilityGlobals) = postSolution
		SolutionGuid = {669CD6CC-BA6F-4884-AD30-BC4F09C56ED0}
	EndGlobalSection
EndGlobal
